
Microsoft Visual Studio Solution File, Format Version 12.00
# Visual Studio Version 16
VisualStudioVersion = 16.0.29613.14
MinimumVisualStudioVersion = 10.0.40219.1
Project("{9A19103F-16F7-4668-BE54-9A1E7A4F7556}") = "MeetingManagmentAPI", "MeetingManagmentAPI\MeetingManagmentAPI.csproj", "{50BAAE54-6879-40EF-B4F7-7294C4670DA1}"
EndProject
Global
	GlobalSection(SolutionConfigurationPlatforms) = preSolution
		Debug|Any CPU = Debug|Any CPU
		Release|Any CPU = Release|Any CPU
	EndGlobalSection
	GlobalSection(ProjectConfigurationPlatforms) = postSolution
		{50BAAE54-6879-40EF-B4F7-7294C4670DA1}.Debug|Any CPU.ActiveCfg = Debug|Any CPU
		{50BAAE54-6879-40EF-B4F7-7294C4670DA1}.Debug|Any CPU.Build.0 = Debug|Any CPU
		{50BAAE54-6879-40EF-B4F7-7294C4670DA1}.Release|Any CPU.ActiveCfg = Release|Any CPU
		{50BAAE54-6879-40EF-B4F7-7294C4670DA1}.Release|Any CPU.Build.0 = Release|Any CPU
	EndGlobalSection
	GlobalSection(SolutionProperties) = preSolution
		HideSolutionNode = FALSE
	EndGlobalSection
	GlobalSection(ExtensibilityGlobals) = postSolution
		SolutionGuid = {C6850284-38F3-43D2-B8E9-AEB5D82D356E}
	EndGlobalSection
EndGlobal
